
Microsoft Visual Studio Solution File, Format Version 12.00
# Visual Studio Version 17
VisualStudioVersion = 17.14.37012.4 d17.14
MinimumVisualStudioVersion = 10.0.40219.1
Project("{FAE04EC0-301F-11D3-BF4B-00C04F79EFBC}") = "API Day2", "API Day2\API Day2.csproj", "{3D0262DE-D04D-492A-9C68-F3AC082A3E92}"
EndProject
Global
	GlobalSection(SolutionConfigurationPlatforms) = preSolution
		Debug|Any CPU = Debug|Any CPU
		Release|Any CPU = Release|Any CPU
	EndGlobalSection
	GlobalSection(ProjectConfigurationPlatforms) = postSolution
		{3D0262DE-D04D-492A-9C68-F3AC082A3E92}.Debug|Any CPU.ActiveCfg = Debug|Any CPU
		{3D0262DE-D04D-492A-9C68-F3AC082A3E92}.Debug|Any CPU.Build.0 = Debug|Any CPU
		{3D0262DE-D04D-492A-9C68-F3AC082A3E92}.Release|Any CPU.ActiveCfg = Release|Any CPU
		{3D0262DE-D04D-492A-9C68-F3AC082A3E92}.Release|Any CPU.Build.0 = Release|Any CPU
	EndGlobalSection
	GlobalSection(SolutionProperties) = preSolution
		HideSolutionNode = FALSE
	EndGlobalSection
	GlobalSection(ExtensibilityGlobals) = postSolution
		SolutionGuid = {72766D66-057F-4009-831C-643A2EBB705A}
	EndGlobalSection
EndGlobal
